{
  "name": "map-extra",
  "version": "0.2.2",
  "lockfileVersion": 1,
  "requires": true,
  "dependencies": {
    "entries-every": {
      "version": "0.1.6",
      "resolved": "https://registry.npmjs.org/entries-every/-/entries-every-0.1.6.tgz",
      "integrity": "sha512-nOSLSRUqu/0y03v8WHtbxXfGu5ZZgZYHhrP6hbe7zIAAehMO9edU1pbLgtk+sogaxiirkebfEYIpeYWojgBPXw==",
      "dev": true
    },
    "entries-find": {
      "version": "0.1.5",
      "resolved": "https://registry.npmjs.org/entries-find/-/entries-find-0.1.5.tgz",
      "integrity": "sha512-6x1MUVJak0BL7MdCNJhQUWqo5XMLegKTlWS2ymsQ9ROUXoCUHA3oNpI+ISoOgSGVuRrXWr9Ga33hBY4uLB5slA==",
      "dev": true
    },
    "entries-findall": {
      "version": "0.1.4",
      "resolved": "https://registry.npmjs.org/entries-findall/-/entries-findall-0.1.4.tgz",
      "integrity": "sha512-pNnaAo2qOehKH4LUbtNa58ElGxv0fve6XUflgEs9TKWtrM04y3AKm91wK8O/xm5Pe3nEesLvvwOo7S8g71wDMw==",
      "dev": true
    },
    "entries-findallkeys": {
      "version": "0.1.2",
      "resolved": "https://registry.npmjs.org/entries-findallkeys/-/entries-findallkeys-0.1.2.tgz",
      "integrity": "sha512-K7OwxI2PDc0PEP3NwL6KQs5GAbXJPt09jfvkQqME1IL3lSzlbP81CcL2ybg+qxP6VwdRYLj9qgd7RaNKWcKupw==",
      "dev": true
    },
    "entries-findkey": {
      "version": "0.1.4",
      "resolved": "https://registry.npmjs.org/entries-findkey/-/entries-findkey-0.1.4.tgz",
      "integrity": "sha512-zQGeXR2RsbvnsknNbjt/nTk2pc55t/ddr3NG9Q0xLiRjzxhwGjaoS2ZIOwb+3tMIqE3YUdgd5qUZ42EjubeS3Q==",
      "dev": true
    },
    "entries-foreach": {
      "version": "0.1.5",
      "resolved": "https://registry.npmjs.org/entries-foreach/-/entries-foreach-0.1.5.tgz",
      "integrity": "sha512-u2IU/bvc2CoPEWFgU//2EH6wW31uWLOg8YKd9pGX5K3T7uhBQ1EojsusDn5C7bW1n0h6DuK92JIE9GbEyotU1Q==",
      "dev": true
    },
    "entries-includes": {
      "version": "0.1.3",
      "resolved": "https://registry.npmjs.org/entries-includes/-/entries-includes-0.1.3.tgz",
      "integrity": "sha512-luwHyLXbxLhujmI1pM0gpEwNpeyDf8Y0pPqIwApCW8xiDtOufFycy/nF5PYSX6IU40Umj/BzC+AYCbyRgcgoRA==",
      "dev": true
    },
    "entries-join": {
      "version": "0.1.4",
      "resolved": "https://registry.npmjs.org/entries-join/-/entries-join-0.1.4.tgz",
      "integrity": "sha512-/LkPTFUVpCpTv96ZuRZDKcXMLFHGi1sPp1hmg3eFJO8YD9WxAdFG8ccqHVOMLSsDFwEGHSSpLfJzEn7rVoC0Fg==",
      "dev": true
    },
    "entries-keyof": {
      "version": "0.1.2",
      "resolved": "https://registry.npmjs.org/entries-keyof/-/entries-keyof-0.1.2.tgz",
      "integrity": "sha512-TX+2N5LfUm3xKELRqhE1RG9dmoS2tTTPKanRXcgWa/LyEYIGNQOu84XP7n9+iLr2JF2mh80j/9MBEwLiPRb8Mg==",
      "dev": true
    },
    "entries-keysof": {
      "version": "0.1.2",
      "resolved": "https://registry.npmjs.org/entries-keysof/-/entries-keysof-0.1.2.tgz",
      "integrity": "sha512-CR0R/1eBcE0D5bkhqi9QtHUWo6SCGDzvJ3cb5N1B1uU+Ob8v+md+O8T0UqqbyEIfIIdwbmhtCEPli7uovflwxw==",
      "dev": true
    },
    "entries-reduce": {
      "version": "0.1.7",
      "resolved": "https://registry.npmjs.org/entries-reduce/-/entries-reduce-0.1.7.tgz",
      "integrity": "sha512-4NBQdQH7TchqDQjMb+DFa8rWCZD9nk7kSMKyLwbl+QL06zWowbFw3/7UYWHYQEmSYcAdyDiYRMclqk3j6TbN4A==",
      "dev": true
    },
    "entries-some": {
      "version": "0.1.6",
      "resolved": "https://registry.npmjs.org/entries-some/-/entries-some-0.1.6.tgz",
      "integrity": "sha512-Vd+u87jtWEZYGq3ca/yZDwgy2DIu5km4IJzt60tDfqn/jDbDA0Kn+39XYGLcW5eVQl7nScXpxweUGV8kk84V4g==",
      "dev": true
    },
    "iterable-is": {
      "version": "0.1.5",
      "resolved": "https://registry.npmjs.org/iterable-is/-/iterable-is-0.1.5.tgz",
      "integrity": "sha512-djFy7DXyOYYpWucGcNn47wp4AzgjlFKTdb2MQg78qo7GPBvjVb2mSVv322qDYOSWNNnxY9Xcc3wJ/KKSmuhJLA==",
      "dev": true
    },
    "iterable-iscollection": {
      "version": "0.1.2",
      "resolved": "https://registry.npmjs.org/iterable-iscollection/-/iterable-iscollection-0.1.2.tgz",
      "integrity": "sha512-PV3fCTYjPtkN8VVdVorxEjAKjSUJd0DlELMDqHhrVFd7fTJuJMwPWP3QwHMnkAa8j9mMulMwSFkfHHzMSugnSQ==",
      "dev": true,
      "requires": {
        "iterable-is": "0.1.5"
      }
    },
    "map-concatof": {
      "version": "0.1.1",
      "resolved": "https://registry.npmjs.org/map-concatof/-/map-concatof-0.1.1.tgz",
      "integrity": "sha512-YH1r2A8iwTE/vRPKTiTNIxBVmZOEmWmo6axAgbSz0xhgAmT2STGjryd7r7pqgLZjKgOM6aRAAK0becGgx89+Ag==",
      "dev": true
    },
    "map-contains": {
      "version": "0.1.2",
      "resolved": "https://registry.npmjs.org/map-contains/-/map-contains-0.1.2.tgz",
      "integrity": "sha512-8tllEUt/qNboZVCHmvsXUP8fCcxpbRDB9CbYMAoFyJ5gexO21zdXjeB1Ommb6OTbCjbm9HOmt8LnAZm2m7/nrg==",
      "dev": true
    },
    "map-containskeys": {
      "version": "0.1.1",
      "resolved": "https://registry.npmjs.org/map-containskeys/-/map-containskeys-0.1.1.tgz",
      "integrity": "sha512-Mdodij7YG6fF1+Wt2oNI4zm5+WHjXkZhLfmogT70Ke7YltEPvEU8FW3lZSbYNU3FC6F19oh7Tj/4qMkxb0ekvw==",
      "dev": true
    },
    "map-deleteall": {
      "version": "0.1.1",
      "resolved": "https://registry.npmjs.org/map-deleteall/-/map-deleteall-0.1.1.tgz",
      "integrity": "sha512-UAThaCW4S+wXVeOfhAI8QynHPhgCLeoTaJSYeVE9jFy2ZF+kw4BLSLVKrQbs906GD2wb3pzOkfbH0H3/wbjAhA==",
      "dev": true
    },
    "map-equal": {
      "version": "0.1.5",
      "resolved": "https://registry.npmjs.org/map-equal/-/map-equal-0.1.5.tgz",
      "integrity": "sha512-grUVpNGCE6KBW76mEQBU4AjAzSKztAyJpX8BknixN8BblX5/y5Yc3THWcIw4hhDlPiSCXPC/liI8kdj/nGbi2Q==",
      "dev": true
    },
    "map-filterto": {
      "version": "0.1.1",
      "resolved": "https://registry.npmjs.org/map-filterto/-/map-filterto-0.1.1.tgz",
      "integrity": "sha512-20MbEvT4aQmxrFZAQVmEA+6Ei31FCiIXiHvZgOG+Ah4IIphRw3dSCKWFGZytWQY/4bmSjxUq5IjroXhqmN/hTQ==",
      "dev": true
    },
    "map-fromlists": {
      "version": "0.1.2",
      "resolved": "https://registry.npmjs.org/map-fromlists/-/map-fromlists-0.1.2.tgz",
      "integrity": "sha512-Mpsam7GPlIrsv+8FUrxkzu1OTK+TnMRloH+1rzo3mER8lJ+7A01qfCpRrwHZIDVUCIbt7sZK7jqUPOqIAtBlbw==",
      "dev": true
    },
    "map-is": {
      "version": "0.1.6",
      "resolved": "https://registry.npmjs.org/map-is/-/map-is-0.1.6.tgz",
      "integrity": "sha512-/FNroEIpt/hI2o2gi9wbXlnJ+WHvqqsGbCedbqsD6S0xQaUNC+9mPRHk/+pdbBEMHA0bJI9YH0eFV6/czW44qA==",
      "dev": true
    },
    "map-mapto": {
      "version": "0.1.1",
      "resolved": "https://registry.npmjs.org/map-mapto/-/map-mapto-0.1.1.tgz",
      "integrity": "sha512-09Pku4gbVPiwpGzX5F7JSENRgH3m6FWqJYpRPNBUwQXE782sg+k4ss/HLwVN4K80MMWw06/aXfAr9JAUR6WiCw==",
      "dev": true
    },
    "map-pick": {
      "version": "0.1.2",
      "resolved": "https://registry.npmjs.org/map-pick/-/map-pick-0.1.2.tgz",
      "integrity": "sha512-T6Ungazh31fsXRcI6qobvzRfZgRqjzDosxMjxlq1Dyp5wkhu1ZNs1I8CYZN/iRJ0Wu46JM22WR3pKaqtIXFhbQ==",
      "dev": true
    },
    "map-pickas": {
      "version": "0.1.1",
      "resolved": "https://registry.npmjs.org/map-pickas/-/map-pickas-0.1.1.tgz",
      "integrity": "sha512-5Off/46GwzPVOmvgPSrFKO1YcsJDiogMJutOBOdIzf4vtE35fUAUI8bXk0leQg07yaQzQCyRs+pFrkw+EhovCg==",
      "dev": true,
      "requires": {
        "iterable-iscollection": "0.1.2",
        "map-pick": "0.1.2"
      }
    },
    "map-pickvalues": {
      "version": "0.1.2",
      "resolved": "https://registry.npmjs.org/map-pickvalues/-/map-pickvalues-0.1.2.tgz",
      "integrity": "sha512-rVwnWWmm0oFrX9z/Mxl3v9DbVijHdfcKRAsElu8S122rEZfjtnIkO5tP6xU7H2S9N7n3kPHy/9vT3379lCacQA==",
      "dev": true
    },
    "map-pickvaluesas": {
      "version": "0.1.1",
      "resolved": "https://registry.npmjs.org/map-pickvaluesas/-/map-pickvaluesas-0.1.1.tgz",
      "integrity": "sha512-S8ugEjvLotplL5vRfL82ZjX5PdeenxT3cmmsma2OBk6y8OoxQe0YoLRdr6p6sZB0XQTYadJyzPXe2j6mZ0v9Ng==",
      "dev": true,
      "requires": {
        "iterable-iscollection": "0.1.2",
        "map-pickvalues": "0.1.2"
      }
    },
    "map-setall": {
      "version": "0.1.4",
      "resolved": "https://registry.npmjs.org/map-setall/-/map-setall-0.1.4.tgz",
      "integrity": "sha512-loJy6RN9LZNhvUZS6bzMVNnvg+baXUg4bm3GrYzRddZtWSJPCur4BHdo7ZXO/qMUpMWTqCi6aDFjurjodO+Yng==",
      "dev": true
    },
    "map-setlists": {
      "version": "0.1.2",
      "resolved": "https://registry.npmjs.org/map-setlists/-/map-setlists-0.1.2.tgz",
      "integrity": "sha512-VcwhHGbYUsZtvKsylZznWtuM6RYdziLZ6OsNFnVNMLVsnVUHBRAPsC9936URwfG6gLeqD4AFuR+R60afuXM5+Q==",
      "dev": true
    }
  }
}
