{
  "name": "extra-map",
  "version": "2.0.9",
  "lockfileVersion": 1,
  "requires": true,
  "dependencies": {
    "@extra-array/permutation-update": {
      "version": "2.6.71",
      "resolved": "https://registry.npmjs.org/@extra-array/permutation-update/-/permutation-update-2.6.71.tgz",
      "integrity": "sha512-zqfija5gM9hfwhmLxnOyuI31dadCqa1JvZexz8MMGKt9ppvQTp6hOElY7R/zcTV15dV7GRSQh5VcosxfpHnrXQ==",
      "dev": true
    },
    "@extra-iterable/max": {
      "version": "2.1.26",
      "resolved": "https://registry.npmjs.org/@extra-iterable/max/-/max-2.1.26.tgz",
      "integrity": "sha512-T6aydL0rRCJaOSSIvbGxjnHZ7cLxJIJ7qS+tAHbr93hVZ13vPfoN0vYh+ac4hZloIXKXg98OfFoCk113uw3WoA==",
      "dev": true
    },
    "@extra-iterable/max-on": {
      "version": "2.1.26",
      "resolved": "https://registry.npmjs.org/@extra-iterable/max-on/-/max-on-2.1.26.tgz",
      "integrity": "sha512-z8hkHMOUcXeXRSQfDBamWFShanc2FJve8wOVr29NvISuFtdP+BoLaSz3uUIpz9fd+ounPHif/kqJxrsNW8Dthw==",
      "dev": true
    },
    "@extra-iterable/min": {
      "version": "2.1.26",
      "resolved": "https://registry.npmjs.org/@extra-iterable/min/-/min-2.1.26.tgz",
      "integrity": "sha512-NkkYb3JqwkRTwNysK0cBgW9cIpEwAbgRdEhRY79YOr7OJ/ooHZTlrn38nP3A/VlnYS3fQpjQBp9rL/p0gnVZ2Q==",
      "dev": true
    },
    "@extra-iterable/min-on": {
      "version": "2.1.26",
      "resolved": "https://registry.npmjs.org/@extra-iterable/min-on/-/min-on-2.1.26.tgz",
      "integrity": "sha512-/TS2FeUxlmuzW4ytZITCiPfdgQU1K6lhRojcB8F9RWAlpkvYq2RCjPA6pf3rTIQXVfleg89MwV8BfcmVva++iA==",
      "dev": true
    },
    "@extra-iterable/range": {
      "version": "2.1.26",
      "resolved": "https://registry.npmjs.org/@extra-iterable/range/-/range-2.1.26.tgz",
      "integrity": "sha512-zTnqk8oLJ8aTlmAZ4ckTBYhTzxVcSTUYlr1L/jtYJVFn5/is22QAfFPE5nGYSJTKAoaVi84+AmuE4NFSGCpvbQ==",
      "dev": true
    },
    "@extra-iterable/range-on": {
      "version": "2.1.26",
      "resolved": "https://registry.npmjs.org/@extra-iterable/range-on/-/range-on-2.1.26.tgz",
      "integrity": "sha512-d+BmALV7ZaAuY9x1vgKYyx+ImEvYkKGq9mnx8+MTfA2xcj4lnpfprLDuDqnj0lZq79PE0XdtYPbYdws6A4Lc5Q==",
      "dev": true
    }
  }
}
